# This file is automatically @generated by Cargo.
# It is not intended for manual editing.
version = 4

[[package]]
name = "oex"
version = "0.1.0"
dependencies = [
 "oex-sys",
]

[[package]]
name = "oex-rust-example"
version = "0.1.0"
dependencies = [
 "oex",
]

[[package]]
name = "oex-rust-test-plugin"
version = "0.1.0"
dependencies = [
 "oex",
]

[[package]]
name = "oex-sys"
version = "0.1.0"
